
Microsoft Visual Studio Solution File, Format Version 12.00
# Visual Studio Version 17
VisualStudioVersion = 17.13.35913.81 d17.13
MinimumVisualStudioVersion = 10.0.40219.1
Project("{FAE04EC0-301F-11D3-BF4B-00C04F79EFBC}") = "MVCdemo", "MVCdemo\MVCdemo.csproj", "{557A7CEB-FBD8-443E-951B-48E4BC802352}"
EndProject
Global
	GlobalSection(SolutionConfigurationPlatforms) = preSolution
		Debug|Any CPU = Debug|Any CPU
		Release|Any CPU = Release|Any CPU
	EndGlobalSection
	GlobalSection(ProjectConfigurationPlatforms) = postSolution
		{557A7CEB-FBD8-443E-951B-48E4BC802352}.Debug|Any CPU.ActiveCfg = Debug|Any CPU
		{557A7CEB-FBD8-443E-951B-48E4BC802352}.Debug|Any CPU.Build.0 = Debug|Any CPU
		{557A7CEB-FBD8-443E-951B-48E4BC802352}.Release|Any CPU.ActiveCfg = Release|Any CPU
		{557A7CEB-FBD8-443E-951B-48E4BC802352}.Release|Any CPU.Build.0 = Release|Any CPU
	EndGlobalSection
	GlobalSection(SolutionProperties) = preSolution
		HideSolutionNode = FALSE
	EndGlobalSection
	GlobalSection(ExtensibilityGlobals) = postSolution
		SolutionGuid = {CD71C10C-DD7E-4212-B466-4B62CD356FD9}
	EndGlobalSection
EndGlobal
